// !$*UTF8*$!
{
	archiveVersion = 1;
	classes = {
	};
	objectVersion = 55;
	objects = {

/* Begin PBXBuildFile section */
		B655BB272779F8FA0049BE29 /* Memorize_FinalApp.swift in Sources */ = {isa = PBXBuildFile; fileRef = B655BB262779F8FA0049BE29 /* Memorize_FinalApp.swift */; };
		B655BB2B2779F8FB0049BE29 /* Assets.xcassets in Resources */ = {isa = PBXBuildFile; fileRef = B655BB2A2779F8FB0049BE29 /* Assets.xcassets */; };
		B655BB2E2779F8FB0049BE29 /* Preview Assets.xcassets in Resources */ = {isa = PBXBuildFile; fileRef = B655BB2D2779F8FB0049BE29 /* Preview Assets.xcassets */; };
		B655BB352779FA950049BE29 /* MemoryGame.swift in Sources */ = {isa = PBXBuildFile; fileRef = B655BB342779FA950049BE29 /* MemoryGame.swift */; };
		B655BB392779FCD40049BE29 /* EmojiMemoryGame.swift in Sources */ = {isa = PBXBuildFile; fileRef = B655BB382779FCD40049BE29 /* EmojiMemoryGame.swift */; };
		B655BB3B2779FD2F0049BE29 /* EmojiMemoryGameView.swift in Sources */ = {isa = PBXBuildFile; fileRef = B655BB3A2779FD2F0049BE29 /* EmojiMemoryGameView.swift */; };
		B655BB3D2779FD910049BE29 /* AspectVGrid.swift in Sources */ = {isa = PBXBuildFile; fileRef = B655BB3C2779FD910049BE29 /* AspectVGrid.swift */; };
		B655BB3F2779FDB80049BE29 /* Cardify.swift in Sources */ = {isa = PBXBuildFile; fileRef = B655BB3E2779FDB80049BE29 /* Cardify.swift */; };
		B655BB412779FDF80049BE29 /* Pie.swift in Sources */ = {isa = PBXBuildFile; fileRef = B655BB402779FDF80049BE29 /* Pie.swift */; };
		B655BB432779FEE20049BE29 /* Theme.swift in Sources */ = {isa = PBXBuildFile; fileRef = B655BB422779FEE20049BE29 /* Theme.swift */; };
		B655BB45277A01010049BE29 /* ColorExtensions.swift in Sources */ = {isa = PBXBuildFile; fileRef = B655BB44277A01010049BE29 /* ColorExtensions.swift */; };
		B655BB49277A04A70049BE29 /* ThemeStore.swift in Sources */ = {isa = PBXBuildFile; fileRef = B655BB48277A04A70049BE29 /* ThemeStore.swift */; };
/* End PBXBuildFile section */

/* Begin PBXFileReference section */
		B655BB232779F8FA0049BE29 /* Memorize_Final.app */ = {isa = PBXFileReference; explicitFileType = wrapper.application; includeInIndex = 0; path = Memorize_Final.app; sourceTree = BUILT_PRODUCTS_DIR; };
		B655BB262779F8FA0049BE29 /* Memorize_FinalApp.swift */ = {isa = PBXFileReference; lastKnownFileType = sourcecode.swift; path = Memorize_FinalApp.swift; sourceTree = "<group>"; };
		B655BB2A2779F8FB0049BE29 /* Assets.xcassets */ = {isa = PBXFileReference; lastKnownFileType = folder.assetcatalog; path = Assets.xcassets; sourceTree = "<group>"; };
		B655BB2D2779F8FB0049BE29 /* Preview Assets.xcassets */ = {isa = PBXFileReference; lastKnownFileType = folder.assetcatalog; path = "Preview Assets.xcassets"; sourceTree = "<group>"; };
		B655BB342779FA950049BE29 /* MemoryGame.swift */ = {isa = PBXFileReference; lastKnownFileType = sourcecode.swift; path = MemoryGame.swift; sourceTree = "<group>"; };
		B655BB382779FCD40049BE29 /* EmojiMemoryGame.swift */ = {isa = PBXFileReference; lastKnownFileType = sourcecode.swift; path = EmojiMemoryGame.swift; sourceTree = "<group>"; };
		B655BB3A2779FD2F0049BE29 /* EmojiMemoryGameView.swift */ = {isa = PBXFileReference; lastKnownFileType = sourcecode.swift; path = EmojiMemoryGameView.swift; sourceTree = "<group>"; };
		B655BB3C2779FD910049BE29 /* AspectVGrid.swift */ = {isa = PBXFileReference; lastKnownFileType = sourcecode.swift; path = AspectVGrid.swift; sourceTree = "<group>"; };
		B655BB3E2779FDB80049BE29 /* Cardify.swift */ = {isa = PBXFileReference; lastKnownFileType = sourcecode.swift; path = Cardify.swift; sourceTree = "<group>"; };
		B655BB402779FDF80049BE29 /* Pie.swift */ = {isa = PBXFileReference; lastKnownFileType = sourcecode.swift; path = Pie.swift; sourceTree = "<group>"; };
		B655BB422779FEE20049BE29 /* Theme.swift */ = {isa = PBXFileReference; lastKnownFileType = sourcecode.swift; path = Theme.swift; sourceTree = "<group>"; };
		B655BB44277A01010049BE29 /* ColorExtensions.swift */ = {isa = PBXFileReference; lastKnownFileType = sourcecode.swift; path = ColorExtensions.swift; sourceTree = "<group>"; };
		B655BB48277A04A70049BE29 /* ThemeStore.swift */ = {isa = PBXFileReference; lastKnownFileType = sourcecode.swift; path = ThemeStore.swift; sourceTree = "<group>"; };
/* End PBXFileReference section */

/* Begin PBXFrameworksBuildPhase section */
		B655BB202779F8FA0049BE29 /* Frameworks */ = {
			isa = PBXFrameworksBuildPhase;
			buildActionMask = 2147483647;
			files = (
			);
			runOnlyForDeploymentPostprocessing = 0;
		};
/* End PBXFrameworksBuildPhase section */

/* Begin PBXGroup section */
		B655BB1A2779F8FA0049BE29 = {
			isa = PBXGroup;
			children = (
				B655BB252779F8FA0049BE29 /* Memorize_Final */,
				B655BB242779F8FA0049BE29 /* Products */,
			);
			sourceTree = "<group>";
		};
		B655BB242779F8FA0049BE29 /* Products */ = {
			isa = PBXGroup;
			children = (
				B655BB232779F8FA0049BE29 /* Memorize_Final.app */,
			);
			name = Products;
			sourceTree = "<group>";
		};
		B655BB252779F8FA0049BE29 /* Memorize_Final */ = {
			isa = PBXGroup;
			children = (
				B655BB48277A04A70049BE29 /* ThemeStore.swift */,
				B655BB44277A01010049BE29 /* ColorExtensions.swift */,
				B655BB422779FEE20049BE29 /* Theme.swift */,
				B655BB402779FDF80049BE29 /* Pie.swift */,
				B655BB3E2779FDB80049BE29 /* Cardify.swift */,
				B655BB3C2779FD910049BE29 /* AspectVGrid.swift */,
				B655BB3A2779FD2F0049BE29 /* EmojiMemoryGameView.swift */,
				B655BB382779FCD40049BE29 /* EmojiMemoryGame.swift */,
				B655BB342779FA950049BE29 /* MemoryGame.swift */,
				B655BB262779F8FA0049BE29 /* Memorize_FinalApp.swift */,
				B655BB2A2779F8FB0049BE29 /* Assets.xcassets */,
				B655BB2C2779F8FB0049BE29 /* Preview Content */,
			);
			path = Memorize_Final;
			sourceTree = "<group>";
		};
		B655BB2C2779F8FB0049BE29 /* Preview Content */ = {
			isa = PBXGroup;
			children = (
				B655BB2D2779F8FB0049BE29 /* Preview Assets.xcassets */,
			);
			path = "Preview Content";
			sourceTree = "<group>";
		};
/* End PBXGroup section */

/* Begin PBXNativeTarget section */
		B655BB222779F8FA0049BE29 /* Memorize_Final */ = {
			isa = PBXNativeTarget;
			buildConfigurationList = B655BB312779F8FB0049BE29 /* Build configuration list for PBXNativeTarget "Memorize_Final" */;
			buildPhases = (
				B655BB1F2779F8FA0049BE29 /* Sources */,
				B655BB202779F8FA0049BE29 /* Frameworks */,
				B655BB212779F8FA0049BE29 /* Resources */,
			);
			buildRules = (
			);
			dependencies = (
			);
			name = Memorize_Final;
			productName = Memorize_Final;
			productReference = B655BB232779F8FA0049BE29 /* Memorize_Final.app */;
			productType = "com.apple.product-type.application";
		};
/* End PBXNativeTarget section */

/* Begin PBXProject section */
		B655BB1B2779F8FA0049BE29 /* Project object */ = {
			isa = PBXProject;
			attributes = {
				BuildIndependentTargetsInParallel = 1;
				LastSwiftUpdateCheck = 1320;
				LastUpgradeCheck = 1320;
				TargetAttributes = {
					B655BB222779F8FA0049BE29 = {
						CreatedOnToolsVersion = 13.2;
					};
				};
			};
			buildConfigurationList = B655BB1E2779F8FA0049BE29 /* Build configuration list for PBXProject "Memorize_Final" */;
			compatibilityVersion = "Xcode 13.0";
			developmentRegion = en;
			hasScannedForEncodings = 0;
			knownRegions = (
				en,
				Base,
			);
			mainGroup = B655BB1A2779F8FA0049BE29;
			productRefGroup = B655BB242779F8FA0049BE29 /* Products */;
			projectDirPath = "";
			projectRoot = "";
			targets = (
				B655BB222779F8FA0049BE29 /* Memorize_Final */,
			);
		};
/* End PBXProject section */

/* Begin PBXResourcesBuildPhase section */
		B655BB212779F8FA0049BE29 /* Resources */ = {
			isa = PBXResourcesBuildPhase;
			buildActionMask = 2147483647;
			files = (
				B655BB2E2779F8FB0049BE29 /* Preview Assets.xcassets in Resources */,
				B655BB2B2779F8FB0049BE29 /* Assets.xcassets in Resources */,
			);
			runOnlyForDeploymentPostprocessing = 0;
		};
/* End PBXResourcesBuildPhase section */

/* Begin PBXSourcesBuildPhase section */
		B655BB1F2779F8FA0049BE29 /* Sources */ = {
			isa = PBXSourcesBuildPhase;
			buildActionMask = 2147483647;
			files = (
				B655BB3F2779FDB80049BE29 /* Cardify.swift in Sources */,
				B655BB432779FEE20049BE29 /* Theme.swift in Sources */,
				B655BB352779FA950049BE29 /* MemoryGame.swift in Sources */,
				B655BB272779F8FA0049BE29 /* Memorize_FinalApp.swift in Sources */,
				B655BB3B2779FD2F0049BE29 /* EmojiMemoryGameView.swift in Sources */,
				B655BB45277A01010049BE29 /* ColorExtensions.swift in Sources */,
				B655BB412779FDF80049BE29 /* Pie.swift in Sources */,
				B655BB3D2779FD910049BE29 /* AspectVGrid.swift in Sources */,
				B655BB392779FCD40049BE29 /* EmojiMemoryGame.swift in Sources */,
				B655BB49277A04A70049BE29 /* ThemeStore.swift in Sources */,
			);
			runOnlyForDeploymentPostprocessing = 0;
		};
/* End PBXSourcesBuildPhase section */

/* Begin XCBuildConfiguration section */
		B655BB2F2779F8FB0049BE29 /* Debug */ = {
			isa = XCBuildConfiguration;
			buildSettings = {
				ALWAYS_SEARCH_USER_PATHS = NO;
				CLANG_ANALYZER_NONNULL = YES;
				CLANG_ANALYZER_NUMBER_OBJECT_CONVERSION = YES_AGGRESSIVE;
				CLANG_CXX_LANGUAGE_STANDARD = "gnu++17";
				CLANG_CXX_LIBRARY = "libc++";
				CLANG_ENABLE_MODULES = YES;
				CLANG_ENABLE_OBJC_ARC = YES;
				CLANG_ENABLE_OBJC_WEAK = YES;
				CLANG_WARN_BLOCK_CAPTURE_AUTORELEASING = YES;
				CLANG_WARN_BOOL_CONVERSION = YES;
				CLANG_WARN_COMMA = YES;
				CLANG_WARN_CONSTANT_CONVERSION = YES;
				CLANG_WARN_DEPRECATED_OBJC_IMPLEMENTATIONS = YES;
				CLANG_WARN_DIRECT_OBJC_ISA_USAGE = YES_ERROR;
				CLANG_WARN_DOCUMENTATION_COMMENTS = YES;
				CLANG_WARN_EMPTY_BODY = YES;
				CLANG_WARN_ENUM_CONVERSION = YES;
				CLANG_WARN_INFINITE_RECURSION = YES;
				CLANG_WARN_INT_CONVERSION = YES;
				CLANG_WARN_NON_LITERAL_NULL_CONVERSION = YES;
				CLANG_WARN_OBJC_IMPLICIT_RETAIN_SELF = YES;
				CLANG_WARN_OBJC_LITERAL_CONVERSION = YES;
				CLANG_WARN_OBJC_ROOT_CLASS = YES_ERROR;
				CLANG_WARN_QUOTED_INCLUDE_IN_FRAMEWORK_HEADER = YES;
				CLANG_WARN_RANGE_LOOP_ANALYSIS = YES;
				CLANG_WARN_STRICT_PROTOTYPES = YES;
				CLANG_WARN_SUSPICIOUS_MOVE = YES;
				CLANG_WARN_UNGUARDED_AVAILABILITY = YES_AGGRESSIVE;
				CLANG_WARN_UNREACHABLE_CODE = YES;
				CLANG_WARN__DUPLICATE_METHOD_MATCH = YES;
				COPY_PHASE_STRIP = NO;
				DEBUG_INFORMATION_FORMAT = dwarf;
				ENABLE_STRICT_OBJC_MSGSEND = YES;
				ENABLE_TESTABILITY = YES;
				GCC_C_LANGUAGE_STANDARD = gnu11;
				GCC_DYNAMIC_NO_PIC = NO;
				GCC_NO_COMMON_BLOCKS = YES;
				GCC_OPTIMIZATION_LEVEL = 0;
				GCC_PREPROCESSOR_DEFINITIONS = (
					"DEBUG=1",
					"$(inherited)",
				);
				GCC_WARN_64_TO_32_BIT_CONVERSION = YES;
				GCC_WARN_ABOUT_RETURN_TYPE = YES_ERROR;
				GCC_WARN_UNDECLARED_SELECTOR = YES;
				GCC_WARN_UNINITIALIZED_AUTOS = YES_AGGRESSIVE;
				GCC_WARN_UNUSED_FUNCTION = YES;
				GCC_WARN_UNUSED_VARIABLE = YES;
				IPHONEOS_DEPLOYMENT_TARGET = 15.2;
				MTL_ENABLE_DEBUG_INFO = INCLUDE_SOURCE;
				MTL_FAST_MATH = YES;
				ONLY_ACTIVE_ARCH = YES;
				SDKROOT = iphoneos;
				SWIFT_ACTIVE_COMPILATION_CONDITIONS = DEBUG;
				SWIFT_OPTIMIZATION_LEVEL = "-Onone";
			};
			name = Debug;
		};
		B655BB302779F8FB0049BE29 /* Release */ = {
			isa = XCBuildConfiguration;
			buildSettings = {
				ALWAYS_SEARCH_USER_PATHS = NO;
				CLANG_ANALYZER_NONNULL = YES;
				CLANG_ANALYZER_NUMBER_OBJECT_CONVERSION = YES_AGGRESSIVE;
				CLANG_CXX_LANGUAGE_STANDARD = "gnu++17";
				CLANG_CXX_LIBRARY = "libc++";
				CLANG_ENABLE_MODULES = YES;
				CLANG_ENABLE_OBJC_ARC = YES;
				CLANG_ENABLE_OBJC_WEAK = YES;
				CLANG_WARN_BLOCK_CAPTURE_AUTORELEASING = YES;
				CLANG_WARN_BOOL_CONVERSION = YES;
				CLANG_WARN_COMMA = YES;
				CLANG_WARN_CONSTANT_CONVERSION = YES;
				CLANG_WARN_DEPRECATED_OBJC_IMPLEMENTATIONS = YES;
				CLANG_WARN_DIRECT_OBJC_ISA_USAGE = YES_ERROR;
				CLANG_WARN_DOCUMENTATION_COMMENTS = YES;
				CLANG_WARN_EMPTY_BODY = YES;
				CLANG_WARN_ENUM_CONVERSION = YES;
				CLANG_WARN_INFINITE_RECURSION = YES;
				CLANG_WARN_INT_CONVERSION = YES;
				CLANG_WARN_NON_LITERAL_NULL_CONVERSION = YES;
				CLANG_WARN_OBJC_IMPLICIT_RETAIN_SELF = YES;
				CLANG_WARN_OBJC_LITERAL_CONVERSION = YES;
				CLANG_WARN_OBJC_ROOT_CLASS = YES_ERROR;
				CLANG_WARN_QUOTED_INCLUDE_IN_FRAMEWORK_HEADER = YES;
				CLANG_WARN_RANGE_LOOP_ANALYSIS = YES;
				CLANG_WARN_STRICT_PROTOTYPES = YES;
				CLANG_WARN_SUSPICIOUS_MOVE = YES;
				CLANG_WARN_UNGUARDED_AVAILABILITY = YES_AGGRESSIVE;
				CLANG_WARN_UNREACHABLE_CODE = YES;
				CLANG_WARN__DUPLICATE_METHOD_MATCH = YES;
				COPY_PHASE_STRIP = NO;
				DEBUG_INFORMATION_FORMAT = "dwarf-with-dsym";
				ENABLE_NS_ASSERTIONS = NO;
				ENABLE_STRICT_OBJC_MSGSEND = YES;
				GCC_C_LANGUAGE_STANDARD = gnu11;
				GCC_NO_COMMON_BLOCKS = YES;
				GCC_WARN_64_TO_32_BIT_CONVERSION = YES;
				GCC_WARN_ABOUT_RETURN_TYPE = YES_ERROR;
				GCC_WARN_UNDECLARED_SELECTOR = YES;
				GCC_WARN_UNINITIALIZED_AUTOS = YES_AGGRESSIVE;
				GCC_WARN_UNUSED_FUNCTION = YES;
				GCC_WARN_UNUSED_VARIABLE = YES;
				IPHONEOS_DEPLOYMENT_TARGET = 15.2;
				MTL_ENABLE_DEBUG_INFO = NO;
				MTL_FAST_MATH = YES;
				SDKROOT = iphoneos;
				SWIFT_COMPILATION_MODE = wholemodule;
				SWIFT_OPTIMIZATION_LEVEL = "-O";
				VALIDATE_PRODUCT = YES;
			};
			name = Release;
		};
		B655BB322779F8FB0049BE29 /* Debug */ = {
			isa = XCBuildConfiguration;
			buildSettings = {
				ASSETCATALOG_COMPILER_APPICON_NAME = AppIcon;
				ASSETCATALOG_COMPILER_GLOBAL_ACCENT_COLOR_NAME = AccentColor;
				CODE_SIGN_STYLE = Automatic;
				CURRENT_PROJECT_VERSION = 1;
				DEVELOPMENT_ASSET_PATHS = "\"Memorize_Final/Preview Content\"";
				DEVELOPMENT_TEAM = L25PRW3XCF;
				ENABLE_PREVIEWS = YES;
				GENERATE_INFOPLIST_FILE = YES;
				INFOPLIST_KEY_UIApplicationSceneManifest_Generation = YES;
				INFOPLIST_KEY_UIApplicationSupportsIndirectInputEvents = YES;
				INFOPLIST_KEY_UILaunchScreen_Generation = YES;
				INFOPLIST_KEY_UISupportedInterfaceOrientations_iPad = "UIInterfaceOrientationPortrait UIInterfaceOrientationPortraitUpsideDown UIInterfaceOrientationLandscapeLeft UIInterfaceOrientationLandscapeRight";
				INFOPLIST_KEY_UISupportedInterfaceOrientations_iPhone = "UIInterfaceOrientationPortrait UIInterfaceOrientationLandscapeLeft UIInterfaceOrientationLandscapeRight";
				LD_RUNPATH_SEARCH_PATHS = (
					"$(inherited)",
					"@executable_path/Frameworks",
				);
				MARKETING_VERSION = 1.0;
				PRODUCT_BUNDLE_IDENTIFIER = "com.kwsong0113.Memorize-Final";
				PRODUCT_NAME = "$(TARGET_NAME)";
				SWIFT_EMIT_LOC_STRINGS = YES;
				SWIFT_VERSION = 5.0;
				TARGETED_DEVICE_FAMILY = "1,2";
			};
			name = Debug;
		};
		B655BB332779F8FB0049BE29 /* Release */ = {
			isa = XCBuildConfiguration;
			buildSettings = {
				ASSETCATALOG_COMPILER_APPICON_NAME = AppIcon;
				ASSETCATALOG_COMPILER_GLOBAL_ACCENT_COLOR_NAME = AccentColor;
				CODE_SIGN_STYLE = Automatic;
				CURRENT_PROJECT_VERSION = 1;
				DEVELOPMENT_ASSET_PATHS = "\"Memorize_Final/Preview Content\"";
				DEVELOPMENT_TEAM = L25PRW3XCF;
				ENABLE_PREVIEWS = YES;
				GENERATE_INFOPLIST_FILE = YES;
				INFOPLIST_KEY_UIApplicationSceneManifest_Generation = YES;
				INFOPLIST_KEY_UIApplicationSupportsIndirectInputEvents = YES;
				INFOPLIST_KEY_UILaunchScreen_Generation = YES;
				INFOPLIST_KEY_UISupportedInterfaceOrientations_iPad = "UIInterfaceOrientationPortrait UIInterfaceOrientationPortraitUpsideDown UIInterfaceOrientationLandscapeLeft UIInterfaceOrientationLandscapeRight";
				INFOPLIST_KEY_UISupportedInterfaceOrientations_iPhone = "UIInterfaceOrientationPortrait UIInterfaceOrientationLandscapeLeft UIInterfaceOrientationLandscapeRight";
				LD_RUNPATH_SEARCH_PATHS = (
					"$(inherited)",
					"@executable_path/Frameworks",
				);
				MARKETING_VERSION = 1.0;
				PRODUCT_BUNDLE_IDENTIFIER = "com.kwsong0113.Memorize-Final";
				PRODUCT_NAME = "$(TARGET_NAME)";
				SWIFT_EMIT_LOC_STRINGS = YES;
				SWIFT_VERSION = 5.0;
				TARGETED_DEVICE_FAMILY = "1,2";
			};
			name = Release;
		};
/* End XCBuildConfiguration section */

/* Begin XCConfigurationList section */
		B655BB1E2779F8FA0049BE29 /* Build configuration list for PBXProject "Memorize_Final" */ = {
			isa = XCConfigurationList;
			buildConfigurations = (
				B655BB2F2779F8FB0049BE29 /* Debug */,
				B655BB302779F8FB0049BE29 /* Release */,
			);
			defaultConfigurationIsVisible = 0;
			defaultConfigurationName = Release;
		};
		B655BB312779F8FB0049BE29 /* Build configuration list for PBXNativeTarget "Memorize_Final" */ = {
			isa = XCConfigurationList;
			buildConfigurations = (
				B655BB322779F8FB0049BE29 /* Debug */,
				B655BB332779F8FB0049BE29 /* Release */,
			);
			defaultConfigurationIsVisible = 0;
			defaultConfigurationName = Release;
		};
/* End XCConfigurationList section */
	};
	rootObject = B655BB1B2779F8FA0049BE29 /* Project object */;
}
