// !$*UTF8*$!
{
	archiveVersion = 1;
	classes = {
	};
	objectVersion = 55;
	objects = {

/* Begin PBXBuildFile section */
		B80640CC274E731D00217329 /* AspectVGrid.swift in Sources */ = {isa = PBXBuildFile; fileRef = B80640CB274E731D00217329 /* AspectVGrid.swift */; };
		B80640CE274E811E00217329 /* Pie.swift in Sources */ = {isa = PBXBuildFile; fileRef = B80640CD274E811E00217329 /* Pie.swift */; };
		B84F71AA274A372F004EEB5B /* Theme.swift in Sources */ = {isa = PBXBuildFile; fileRef = B84F71A9274A372F004EEB5B /* Theme.swift */; };
		B85B2CA72747B3A4001921ED /* EmojiMemoryGame.swift in Sources */ = {isa = PBXBuildFile; fileRef = B85B2CA62747B3A4001921ED /* EmojiMemoryGame.swift */; };
		B8C4B35F27454A3A0019DF43 /* Memorize_MVVMApp.swift in Sources */ = {isa = PBXBuildFile; fileRef = B8C4B35E27454A3A0019DF43 /* Memorize_MVVMApp.swift */; };
		B8C4B36127454A3A0019DF43 /* EmojiMemoryGameView.swift in Sources */ = {isa = PBXBuildFile; fileRef = B8C4B36027454A3A0019DF43 /* EmojiMemoryGameView.swift */; };
		B8C4B36327454A3B0019DF43 /* Assets.xcassets in Resources */ = {isa = PBXBuildFile; fileRef = B8C4B36227454A3B0019DF43 /* Assets.xcassets */; };
		B8C4B36627454A3B0019DF43 /* Preview Assets.xcassets in Resources */ = {isa = PBXBuildFile; fileRef = B8C4B36527454A3B0019DF43 /* Preview Assets.xcassets */; };
		B8C4B36D27454BBA0019DF43 /* MemoryGame.swift in Sources */ = {isa = PBXBuildFile; fileRef = B8C4B36C27454BBA0019DF43 /* MemoryGame.swift */; };
/* End PBXBuildFile section */

/* Begin PBXFileReference section */
		B80640CB274E731D00217329 /* AspectVGrid.swift */ = {isa = PBXFileReference; lastKnownFileType = sourcecode.swift; path = AspectVGrid.swift; sourceTree = "<group>"; };
		B80640CD274E811E00217329 /* Pie.swift */ = {isa = PBXFileReference; lastKnownFileType = sourcecode.swift; path = Pie.swift; sourceTree = "<group>"; };
		B84F71A9274A372F004EEB5B /* Theme.swift */ = {isa = PBXFileReference; lastKnownFileType = sourcecode.swift; path = Theme.swift; sourceTree = "<group>"; };
		B85B2CA62747B3A4001921ED /* EmojiMemoryGame.swift */ = {isa = PBXFileReference; lastKnownFileType = sourcecode.swift; path = EmojiMemoryGame.swift; sourceTree = "<group>"; };
		B8C4B35B27454A3A0019DF43 /* Memorize_MVVM.app */ = {isa = PBXFileReference; explicitFileType = wrapper.application; includeInIndex = 0; path = Memorize_MVVM.app; sourceTree = BUILT_PRODUCTS_DIR; };
		B8C4B35E27454A3A0019DF43 /* Memorize_MVVMApp.swift */ = {isa = PBXFileReference; lastKnownFileType = sourcecode.swift; path = Memorize_MVVMApp.swift; sourceTree = "<group>"; };
		B8C4B36027454A3A0019DF43 /* EmojiMemoryGameView.swift */ = {isa = PBXFileReference; lastKnownFileType = sourcecode.swift; path = EmojiMemoryGameView.swift; sourceTree = "<group>"; };
		B8C4B36227454A3B0019DF43 /* Assets.xcassets */ = {isa = PBXFileReference; lastKnownFileType = folder.assetcatalog; path = Assets.xcassets; sourceTree = "<group>"; };
		B8C4B36527454A3B0019DF43 /* Preview Assets.xcassets */ = {isa = PBXFileReference; lastKnownFileType = folder.assetcatalog; path = "Preview Assets.xcassets"; sourceTree = "<group>"; };
		B8C4B36C27454BBA0019DF43 /* MemoryGame.swift */ = {isa = PBXFileReference; lastKnownFileType = sourcecode.swift; path = MemoryGame.swift; sourceTree = "<group>"; };
/* End PBXFileReference section */

/* Begin PBXFrameworksBuildPhase section */
		B8C4B35827454A3A0019DF43 /* Frameworks */ = {
			isa = PBXFrameworksBuildPhase;
			buildActionMask = 2147483647;
			files = (
			);
			runOnlyForDeploymentPostprocessing = 0;
		};
/* End PBXFrameworksBuildPhase section */

/* Begin PBXGroup section */
		B8C4B35227454A3A0019DF43 = {
			isa = PBXGroup;
			children = (
				B8C4B35D27454A3A0019DF43 /* Memorize_MVVM */,
				B8C4B35C27454A3A0019DF43 /* Products */,
			);
			sourceTree = "<group>";
		};
		B8C4B35C27454A3A0019DF43 /* Products */ = {
			isa = PBXGroup;
			children = (
				B8C4B35B27454A3A0019DF43 /* Memorize_MVVM.app */,
			);
			name = Products;
			sourceTree = "<group>";
		};
		B8C4B35D27454A3A0019DF43 /* Memorize_MVVM */ = {
			isa = PBXGroup;
			children = (
				B8C4B36C27454BBA0019DF43 /* MemoryGame.swift */,
				B84F71A9274A372F004EEB5B /* Theme.swift */,
				B85B2CA62747B3A4001921ED /* EmojiMemoryGame.swift */,
				B8C4B35E27454A3A0019DF43 /* Memorize_MVVMApp.swift */,
				B8C4B36027454A3A0019DF43 /* EmojiMemoryGameView.swift */,
				B80640CD274E811E00217329 /* Pie.swift */,
				B80640CB274E731D00217329 /* AspectVGrid.swift */,
				B8C4B36227454A3B0019DF43 /* Assets.xcassets */,
				B8C4B36427454A3B0019DF43 /* Preview Content */,
			);
			path = Memorize_MVVM;
			sourceTree = "<group>";
		};
		B8C4B36427454A3B0019DF43 /* Preview Content */ = {
			isa = PBXGroup;
			children = (
				B8C4B36527454A3B0019DF43 /* Preview Assets.xcassets */,
			);
			path = "Preview Content";
			sourceTree = "<group>";
		};
/* End PBXGroup section */

/* Begin PBXNativeTarget section */
		B8C4B35A27454A3A0019DF43 /* Memorize_MVVM */ = {
			isa = PBXNativeTarget;
			buildConfigurationList = B8C4B36927454A3B0019DF43 /* Build configuration list for PBXNativeTarget "Memorize_MVVM" */;
			buildPhases = (
				B8C4B35727454A3A0019DF43 /* Sources */,
				B8C4B35827454A3A0019DF43 /* Frameworks */,
				B8C4B35927454A3A0019DF43 /* Resources */,
			);
			buildRules = (
			);
			dependencies = (
			);
			name = Memorize_MVVM;
			productName = Memorize_MVVM;
			productReference = B8C4B35B27454A3A0019DF43 /* Memorize_MVVM.app */;
			productType = "com.apple.product-type.application";
		};
/* End PBXNativeTarget section */

/* Begin PBXProject section */
		B8C4B35327454A3A0019DF43 /* Project object */ = {
			isa = PBXProject;
			attributes = {
				BuildIndependentTargetsInParallel = 1;
				LastSwiftUpdateCheck = 1310;
				LastUpgradeCheck = 1310;
				TargetAttributes = {
					B8C4B35A27454A3A0019DF43 = {
						CreatedOnToolsVersion = 13.1;
					};
				};
			};
			buildConfigurationList = B8C4B35627454A3A0019DF43 /* Build configuration list for PBXProject "Memorize_MVVM" */;
			compatibilityVersion = "Xcode 13.0";
			developmentRegion = en;
			hasScannedForEncodings = 0;
			knownRegions = (
				en,
				Base,
			);
			mainGroup = B8C4B35227454A3A0019DF43;
			productRefGroup = B8C4B35C27454A3A0019DF43 /* Products */;
			projectDirPath = "";
			projectRoot = "";
			targets = (
				B8C4B35A27454A3A0019DF43 /* Memorize_MVVM */,
			);
		};
/* End PBXProject section */

/* Begin PBXResourcesBuildPhase section */
		B8C4B35927454A3A0019DF43 /* Resources */ = {
			isa = PBXResourcesBuildPhase;
			buildActionMask = 2147483647;
			files = (
				B8C4B36627454A3B0019DF43 /* Preview Assets.xcassets in Resources */,
				B8C4B36327454A3B0019DF43 /* Assets.xcassets in Resources */,
			);
			runOnlyForDeploymentPostprocessing = 0;
		};
/* End PBXResourcesBuildPhase section */

/* Begin PBXSourcesBuildPhase section */
		B8C4B35727454A3A0019DF43 /* Sources */ = {
			isa = PBXSourcesBuildPhase;
			buildActionMask = 2147483647;
			files = (
				B8C4B36D27454BBA0019DF43 /* MemoryGame.swift in Sources */,
				B8C4B36127454A3A0019DF43 /* EmojiMemoryGameView.swift in Sources */,
				B80640CC274E731D00217329 /* AspectVGrid.swift in Sources */,
				B84F71AA274A372F004EEB5B /* Theme.swift in Sources */,
				B80640CE274E811E00217329 /* Pie.swift in Sources */,
				B8C4B35F27454A3A0019DF43 /* Memorize_MVVMApp.swift in Sources */,
				B85B2CA72747B3A4001921ED /* EmojiMemoryGame.swift in Sources */,
			);
			runOnlyForDeploymentPostprocessing = 0;
		};
/* End PBXSourcesBuildPhase section */

/* Begin XCBuildConfiguration section */
		B8C4B36727454A3B0019DF43 /* Debug */ = {
			isa = XCBuildConfiguration;
			buildSettings = {
				ALWAYS_SEARCH_USER_PATHS = NO;
				CLANG_ANALYZER_NONNULL = YES;
				CLANG_ANALYZER_NUMBER_OBJECT_CONVERSION = YES_AGGRESSIVE;
				CLANG_CXX_LANGUAGE_STANDARD = "gnu++17";
				CLANG_CXX_LIBRARY = "libc++";
				CLANG_ENABLE_MODULES = YES;
				CLANG_ENABLE_OBJC_ARC = YES;
				CLANG_ENABLE_OBJC_WEAK = YES;
				CLANG_WARN_BLOCK_CAPTURE_AUTORELEASING = YES;
				CLANG_WARN_BOOL_CONVERSION = YES;
				CLANG_WARN_COMMA = YES;
				CLANG_WARN_CONSTANT_CONVERSION = YES;
				CLANG_WARN_DEPRECATED_OBJC_IMPLEMENTATIONS = YES;
				CLANG_WARN_DIRECT_OBJC_ISA_USAGE = YES_ERROR;
				CLANG_WARN_DOCUMENTATION_COMMENTS = YES;
				CLANG_WARN_EMPTY_BODY = YES;
				CLANG_WARN_ENUM_CONVERSION = YES;
				CLANG_WARN_INFINITE_RECURSION = YES;
				CLANG_WARN_INT_CONVERSION = YES;
				CLANG_WARN_NON_LITERAL_NULL_CONVERSION = YES;
				CLANG_WARN_OBJC_IMPLICIT_RETAIN_SELF = YES;
				CLANG_WARN_OBJC_LITERAL_CONVERSION = YES;
				CLANG_WARN_OBJC_ROOT_CLASS = YES_ERROR;
				CLANG_WARN_QUOTED_INCLUDE_IN_FRAMEWORK_HEADER = YES;
				CLANG_WARN_RANGE_LOOP_ANALYSIS = YES;
				CLANG_WARN_STRICT_PROTOTYPES = YES;
				CLANG_WARN_SUSPICIOUS_MOVE = YES;
				CLANG_WARN_UNGUARDED_AVAILABILITY = YES_AGGRESSIVE;
				CLANG_WARN_UNREACHABLE_CODE = YES;
				CLANG_WARN__DUPLICATE_METHOD_MATCH = YES;
				COPY_PHASE_STRIP = NO;
				DEBUG_INFORMATION_FORMAT = dwarf;
				ENABLE_STRICT_OBJC_MSGSEND = YES;
				ENABLE_TESTABILITY = YES;
				GCC_C_LANGUAGE_STANDARD = gnu11;
				GCC_DYNAMIC_NO_PIC = NO;
				GCC_NO_COMMON_BLOCKS = YES;
				GCC_OPTIMIZATION_LEVEL = 0;
				GCC_PREPROCESSOR_DEFINITIONS = (
					"DEBUG=1",
					"$(inherited)",
				);
				GCC_WARN_64_TO_32_BIT_CONVERSION = YES;
				GCC_WARN_ABOUT_RETURN_TYPE = YES_ERROR;
				GCC_WARN_UNDECLARED_SELECTOR = YES;
				GCC_WARN_UNINITIALIZED_AUTOS = YES_AGGRESSIVE;
				GCC_WARN_UNUSED_FUNCTION = YES;
				GCC_WARN_UNUSED_VARIABLE = YES;
				IPHONEOS_DEPLOYMENT_TARGET = 15.0;
				MTL_ENABLE_DEBUG_INFO = INCLUDE_SOURCE;
				MTL_FAST_MATH = YES;
				ONLY_ACTIVE_ARCH = YES;
				SDKROOT = iphoneos;
				SWIFT_ACTIVE_COMPILATION_CONDITIONS = DEBUG;
				SWIFT_OPTIMIZATION_LEVEL = "-Onone";
			};
			name = Debug;
		};
		B8C4B36827454A3B0019DF43 /* Release */ = {
			isa = XCBuildConfiguration;
			buildSettings = {
				ALWAYS_SEARCH_USER_PATHS = NO;
				CLANG_ANALYZER_NONNULL = YES;
				CLANG_ANALYZER_NUMBER_OBJECT_CONVERSION = YES_AGGRESSIVE;
				CLANG_CXX_LANGUAGE_STANDARD = "gnu++17";
				CLANG_CXX_LIBRARY = "libc++";
				CLANG_ENABLE_MODULES = YES;
				CLANG_ENABLE_OBJC_ARC = YES;
				CLANG_ENABLE_OBJC_WEAK = YES;
				CLANG_WARN_BLOCK_CAPTURE_AUTORELEASING = YES;
				CLANG_WARN_BOOL_CONVERSION = YES;
				CLANG_WARN_COMMA = YES;
				CLANG_WARN_CONSTANT_CONVERSION = YES;
				CLANG_WARN_DEPRECATED_OBJC_IMPLEMENTATIONS = YES;
				CLANG_WARN_DIRECT_OBJC_ISA_USAGE = YES_ERROR;
				CLANG_WARN_DOCUMENTATION_COMMENTS = YES;
				CLANG_WARN_EMPTY_BODY = YES;
				CLANG_WARN_ENUM_CONVERSION = YES;
				CLANG_WARN_INFINITE_RECURSION = YES;
				CLANG_WARN_INT_CONVERSION = YES;
				CLANG_WARN_NON_LITERAL_NULL_CONVERSION = YES;
				CLANG_WARN_OBJC_IMPLICIT_RETAIN_SELF = YES;
				CLANG_WARN_OBJC_LITERAL_CONVERSION = YES;
				CLANG_WARN_OBJC_ROOT_CLASS = YES_ERROR;
				CLANG_WARN_QUOTED_INCLUDE_IN_FRAMEWORK_HEADER = YES;
				CLANG_WARN_RANGE_LOOP_ANALYSIS = YES;
				CLANG_WARN_STRICT_PROTOTYPES = YES;
				CLANG_WARN_SUSPICIOUS_MOVE = YES;
				CLANG_WARN_UNGUARDED_AVAILABILITY = YES_AGGRESSIVE;
				CLANG_WARN_UNREACHABLE_CODE = YES;
				CLANG_WARN__DUPLICATE_METHOD_MATCH = YES;
				COPY_PHASE_STRIP = NO;
				DEBUG_INFORMATION_FORMAT = "dwarf-with-dsym";
				ENABLE_NS_ASSERTIONS = NO;
				ENABLE_STRICT_OBJC_MSGSEND = YES;
				GCC_C_LANGUAGE_STANDARD = gnu11;
				GCC_NO_COMMON_BLOCKS = YES;
				GCC_WARN_64_TO_32_BIT_CONVERSION = YES;
				GCC_WARN_ABOUT_RETURN_TYPE = YES_ERROR;
				GCC_WARN_UNDECLARED_SELECTOR = YES;
				GCC_WARN_UNINITIALIZED_AUTOS = YES_AGGRESSIVE;
				GCC_WARN_UNUSED_FUNCTION = YES;
				GCC_WARN_UNUSED_VARIABLE = YES;
				IPHONEOS_DEPLOYMENT_TARGET = 15.0;
				MTL_ENABLE_DEBUG_INFO = NO;
				MTL_FAST_MATH = YES;
				SDKROOT = iphoneos;
				SWIFT_COMPILATION_MODE = wholemodule;
				SWIFT_OPTIMIZATION_LEVEL = "-O";
				VALIDATE_PRODUCT = YES;
			};
			name = Release;
		};
		B8C4B36A27454A3B0019DF43 /* Debug */ = {
			isa = XCBuildConfiguration;
			buildSettings = {
				ASSETCATALOG_COMPILER_APPICON_NAME = AppIcon;
				ASSETCATALOG_COMPILER_GLOBAL_ACCENT_COLOR_NAME = AccentColor;
				CODE_SIGN_STYLE = Automatic;
				CURRENT_PROJECT_VERSION = 1;
				DEVELOPMENT_ASSET_PATHS = "\"Memorize_MVVM/Preview Content\"";
				DEVELOPMENT_TEAM = L25PRW3XCF;
				ENABLE_PREVIEWS = YES;
				GENERATE_INFOPLIST_FILE = YES;
				INFOPLIST_KEY_UIApplicationSceneManifest_Generation = YES;
				INFOPLIST_KEY_UIApplicationSupportsIndirectInputEvents = YES;
				INFOPLIST_KEY_UILaunchScreen_Generation = YES;
				INFOPLIST_KEY_UISupportedInterfaceOrientations_iPad = "UIInterfaceOrientationPortrait UIInterfaceOrientationPortraitUpsideDown UIInterfaceOrientationLandscapeLeft UIInterfaceOrientationLandscapeRight";
				INFOPLIST_KEY_UISupportedInterfaceOrientations_iPhone = "UIInterfaceOrientationPortrait UIInterfaceOrientationLandscapeLeft UIInterfaceOrientationLandscapeRight";
				LD_RUNPATH_SEARCH_PATHS = (
					"$(inherited)",
					"@executable_path/Frameworks",
				);
				MARKETING_VERSION = 1.0;
				PRODUCT_BUNDLE_IDENTIFIER = "com.kwsong0113.Memorize-MVVM";
				PRODUCT_NAME = "$(TARGET_NAME)";
				SWIFT_EMIT_LOC_STRINGS = YES;
				SWIFT_VERSION = 5.0;
				TARGETED_DEVICE_FAMILY = "1,2";
			};
			name = Debug;
		};
		B8C4B36B27454A3B0019DF43 /* Release */ = {
			isa = XCBuildConfiguration;
			buildSettings = {
				ASSETCATALOG_COMPILER_APPICON_NAME = AppIcon;
				ASSETCATALOG_COMPILER_GLOBAL_ACCENT_COLOR_NAME = AccentColor;
				CODE_SIGN_STYLE = Automatic;
				CURRENT_PROJECT_VERSION = 1;
				DEVELOPMENT_ASSET_PATHS = "\"Memorize_MVVM/Preview Content\"";
				DEVELOPMENT_TEAM = L25PRW3XCF;
				ENABLE_PREVIEWS = YES;
				GENERATE_INFOPLIST_FILE = YES;
				INFOPLIST_KEY_UIApplicationSceneManifest_Generation = YES;
				INFOPLIST_KEY_UIApplicationSupportsIndirectInputEvents = YES;
				INFOPLIST_KEY_UILaunchScreen_Generation = YES;
				INFOPLIST_KEY_UISupportedInterfaceOrientations_iPad = "UIInterfaceOrientationPortrait UIInterfaceOrientationPortraitUpsideDown UIInterfaceOrientationLandscapeLeft UIInterfaceOrientationLandscapeRight";
				INFOPLIST_KEY_UISupportedInterfaceOrientations_iPhone = "UIInterfaceOrientationPortrait UIInterfaceOrientationLandscapeLeft UIInterfaceOrientationLandscapeRight";
				LD_RUNPATH_SEARCH_PATHS = (
					"$(inherited)",
					"@executable_path/Frameworks",
				);
				MARKETING_VERSION = 1.0;
				PRODUCT_BUNDLE_IDENTIFIER = "com.kwsong0113.Memorize-MVVM";
				PRODUCT_NAME = "$(TARGET_NAME)";
				SWIFT_EMIT_LOC_STRINGS = YES;
				SWIFT_VERSION = 5.0;
				TARGETED_DEVICE_FAMILY = "1,2";
			};
			name = Release;
		};
/* End XCBuildConfiguration section */

/* Begin XCConfigurationList section */
		B8C4B35627454A3A0019DF43 /* Build configuration list for PBXProject "Memorize_MVVM" */ = {
			isa = XCConfigurationList;
			buildConfigurations = (
				B8C4B36727454A3B0019DF43 /* Debug */,
				B8C4B36827454A3B0019DF43 /* Release */,
			);
			defaultConfigurationIsVisible = 0;
			defaultConfigurationName = Release;
		};
		B8C4B36927454A3B0019DF43 /* Build configuration list for PBXNativeTarget "Memorize_MVVM" */ = {
			isa = XCConfigurationList;
			buildConfigurations = (
				B8C4B36A27454A3B0019DF43 /* Debug */,
				B8C4B36B27454A3B0019DF43 /* Release */,
			);
			defaultConfigurationIsVisible = 0;
			defaultConfigurationName = Release;
		};
/* End XCConfigurationList section */
	};
	rootObject = B8C4B35327454A3A0019DF43 /* Project object */;
}
