// !$*UTF8*$!
{
	archiveVersion = 1;
	classes = {
	};
	objectVersion = 55;
	objects = {

/* Begin PBXBuildFile section */
		B6A1BFD62795A364007650F7 /* EmojiArt_Ver4App.swift in Sources */ = {isa = PBXBuildFile; fileRef = B6A1BFD52795A364007650F7 /* EmojiArt_Ver4App.swift */; };
		B6A1BFDA2795A365007650F7 /* Assets.xcassets in Resources */ = {isa = PBXBuildFile; fileRef = B6A1BFD92795A365007650F7 /* Assets.xcassets */; };
		B6A1BFDD2795A365007650F7 /* Preview Assets.xcassets in Resources */ = {isa = PBXBuildFile; fileRef = B6A1BFDC2795A365007650F7 /* Preview Assets.xcassets */; };
		B6A1BFE42795A3AB007650F7 /* UtilityExtensions.swift in Sources */ = {isa = PBXBuildFile; fileRef = B6A1BFE32795A3AB007650F7 /* UtilityExtensions.swift */; };
		B6A1BFE92795A3BB007650F7 /* UtilityViews.swift in Sources */ = {isa = PBXBuildFile; fileRef = B6A1BFE52795A3BB007650F7 /* UtilityViews.swift */; };
		B6A1BFEA2795A3BB007650F7 /* PaletteEditor.swift in Sources */ = {isa = PBXBuildFile; fileRef = B6A1BFE62795A3BB007650F7 /* PaletteEditor.swift */; };
		B6A1BFEB2795A3BB007650F7 /* EmojiArtModel.Background.swift in Sources */ = {isa = PBXBuildFile; fileRef = B6A1BFE72795A3BB007650F7 /* EmojiArtModel.Background.swift */; };
		B6A1BFEC2795A3BB007650F7 /* PaletteManager.swift in Sources */ = {isa = PBXBuildFile; fileRef = B6A1BFE82795A3BB007650F7 /* PaletteManager.swift */; };
		B6A1BFF02795A3ED007650F7 /* PaletteStore.swift in Sources */ = {isa = PBXBuildFile; fileRef = B6A1BFED2795A3ED007650F7 /* PaletteStore.swift */; };
		B6A1BFF12795A3ED007650F7 /* EmojiArtDocumentView.swift in Sources */ = {isa = PBXBuildFile; fileRef = B6A1BFEE2795A3ED007650F7 /* EmojiArtDocumentView.swift */; };
		B6A1BFF22795A3ED007650F7 /* PaletteChooser.swift in Sources */ = {isa = PBXBuildFile; fileRef = B6A1BFEF2795A3ED007650F7 /* PaletteChooser.swift */; };
		B6A1BFF42795A403007650F7 /* EmojiArtModel.swift in Sources */ = {isa = PBXBuildFile; fileRef = B6A1BFF32795A403007650F7 /* EmojiArtModel.swift */; };
		B6A1BFF62795A41C007650F7 /* EmojiArtDocument.swift in Sources */ = {isa = PBXBuildFile; fileRef = B6A1BFF52795A41C007650F7 /* EmojiArtDocument.swift */; };
/* End PBXBuildFile section */

/* Begin PBXFileReference section */
		B6A1BFD22795A364007650F7 /* EmojiArt_Ver4.app */ = {isa = PBXFileReference; explicitFileType = wrapper.application; includeInIndex = 0; path = EmojiArt_Ver4.app; sourceTree = BUILT_PRODUCTS_DIR; };
		B6A1BFD52795A364007650F7 /* EmojiArt_Ver4App.swift */ = {isa = PBXFileReference; lastKnownFileType = sourcecode.swift; path = EmojiArt_Ver4App.swift; sourceTree = "<group>"; };
		B6A1BFD92795A365007650F7 /* Assets.xcassets */ = {isa = PBXFileReference; lastKnownFileType = folder.assetcatalog; path = Assets.xcassets; sourceTree = "<group>"; };
		B6A1BFDC2795A365007650F7 /* Preview Assets.xcassets */ = {isa = PBXFileReference; lastKnownFileType = folder.assetcatalog; path = "Preview Assets.xcassets"; sourceTree = "<group>"; };
		B6A1BFE32795A3AB007650F7 /* UtilityExtensions.swift */ = {isa = PBXFileReference; fileEncoding = 4; lastKnownFileType = sourcecode.swift; path = UtilityExtensions.swift; sourceTree = "<group>"; };
		B6A1BFE52795A3BB007650F7 /* UtilityViews.swift */ = {isa = PBXFileReference; fileEncoding = 4; lastKnownFileType = sourcecode.swift; path = UtilityViews.swift; sourceTree = "<group>"; };
		B6A1BFE62795A3BB007650F7 /* PaletteEditor.swift */ = {isa = PBXFileReference; fileEncoding = 4; lastKnownFileType = sourcecode.swift; path = PaletteEditor.swift; sourceTree = "<group>"; };
		B6A1BFE72795A3BB007650F7 /* EmojiArtModel.Background.swift */ = {isa = PBXFileReference; fileEncoding = 4; lastKnownFileType = sourcecode.swift; path = EmojiArtModel.Background.swift; sourceTree = "<group>"; };
		B6A1BFE82795A3BB007650F7 /* PaletteManager.swift */ = {isa = PBXFileReference; fileEncoding = 4; lastKnownFileType = sourcecode.swift; path = PaletteManager.swift; sourceTree = "<group>"; };
		B6A1BFED2795A3ED007650F7 /* PaletteStore.swift */ = {isa = PBXFileReference; fileEncoding = 4; lastKnownFileType = sourcecode.swift; path = PaletteStore.swift; sourceTree = "<group>"; };
		B6A1BFEE2795A3ED007650F7 /* EmojiArtDocumentView.swift */ = {isa = PBXFileReference; fileEncoding = 4; lastKnownFileType = sourcecode.swift; path = EmojiArtDocumentView.swift; sourceTree = "<group>"; };
		B6A1BFEF2795A3ED007650F7 /* PaletteChooser.swift */ = {isa = PBXFileReference; fileEncoding = 4; lastKnownFileType = sourcecode.swift; path = PaletteChooser.swift; sourceTree = "<group>"; };
		B6A1BFF32795A403007650F7 /* EmojiArtModel.swift */ = {isa = PBXFileReference; fileEncoding = 4; lastKnownFileType = sourcecode.swift; path = EmojiArtModel.swift; sourceTree = "<group>"; };
		B6A1BFF52795A41C007650F7 /* EmojiArtDocument.swift */ = {isa = PBXFileReference; fileEncoding = 4; lastKnownFileType = sourcecode.swift; path = EmojiArtDocument.swift; sourceTree = "<group>"; };
/* End PBXFileReference section */

/* Begin PBXFrameworksBuildPhase section */
		B6A1BFCF2795A364007650F7 /* Frameworks */ = {
			isa = PBXFrameworksBuildPhase;
			buildActionMask = 2147483647;
			files = (
			);
			runOnlyForDeploymentPostprocessing = 0;
		};
/* End PBXFrameworksBuildPhase section */

/* Begin PBXGroup section */
		B6A1BFC92795A364007650F7 = {
			isa = PBXGroup;
			children = (
				B6A1BFD42795A364007650F7 /* EmojiArt_Ver4 */,
				B6A1BFD32795A364007650F7 /* Products */,
			);
			sourceTree = "<group>";
		};
		B6A1BFD32795A364007650F7 /* Products */ = {
			isa = PBXGroup;
			children = (
				B6A1BFD22795A364007650F7 /* EmojiArt_Ver4.app */,
			);
			name = Products;
			sourceTree = "<group>";
		};
		B6A1BFD42795A364007650F7 /* EmojiArt_Ver4 */ = {
			isa = PBXGroup;
			children = (
				B6A1BFD52795A364007650F7 /* EmojiArt_Ver4App.swift */,
				B6A1BFE32795A3AB007650F7 /* UtilityExtensions.swift */,
				B6A1BFE72795A3BB007650F7 /* EmojiArtModel.Background.swift */,
				B6A1BFE62795A3BB007650F7 /* PaletteEditor.swift */,
				B6A1BFE82795A3BB007650F7 /* PaletteManager.swift */,
				B6A1BFF52795A41C007650F7 /* EmojiArtDocument.swift */,
				B6A1BFE52795A3BB007650F7 /* UtilityViews.swift */,
				B6A1BFEE2795A3ED007650F7 /* EmojiArtDocumentView.swift */,
				B6A1BFEF2795A3ED007650F7 /* PaletteChooser.swift */,
				B6A1BFED2795A3ED007650F7 /* PaletteStore.swift */,
				B6A1BFF32795A403007650F7 /* EmojiArtModel.swift */,
				B6A1BFD92795A365007650F7 /* Assets.xcassets */,
				B6A1BFDB2795A365007650F7 /* Preview Content */,
			);
			path = EmojiArt_Ver4;
			sourceTree = "<group>";
		};
		B6A1BFDB2795A365007650F7 /* Preview Content */ = {
			isa = PBXGroup;
			children = (
				B6A1BFDC2795A365007650F7 /* Preview Assets.xcassets */,
			);
			path = "Preview Content";
			sourceTree = "<group>";
		};
/* End PBXGroup section */

/* Begin PBXNativeTarget section */
		B6A1BFD12795A364007650F7 /* EmojiArt_Ver4 */ = {
			isa = PBXNativeTarget;
			buildConfigurationList = B6A1BFE02795A365007650F7 /* Build configuration list for PBXNativeTarget "EmojiArt_Ver4" */;
			buildPhases = (
				B6A1BFCE2795A364007650F7 /* Sources */,
				B6A1BFCF2795A364007650F7 /* Frameworks */,
				B6A1BFD02795A364007650F7 /* Resources */,
			);
			buildRules = (
			);
			dependencies = (
			);
			name = EmojiArt_Ver4;
			productName = EmojiArt_Ver4;
			productReference = B6A1BFD22795A364007650F7 /* EmojiArt_Ver4.app */;
			productType = "com.apple.product-type.application";
		};
/* End PBXNativeTarget section */

/* Begin PBXProject section */
		B6A1BFCA2795A364007650F7 /* Project object */ = {
			isa = PBXProject;
			attributes = {
				BuildIndependentTargetsInParallel = 1;
				LastSwiftUpdateCheck = 1320;
				LastUpgradeCheck = 1320;
				TargetAttributes = {
					B6A1BFD12795A364007650F7 = {
						CreatedOnToolsVersion = 13.2.1;
					};
				};
			};
			buildConfigurationList = B6A1BFCD2795A364007650F7 /* Build configuration list for PBXProject "EmojiArt_Ver4" */;
			compatibilityVersion = "Xcode 13.0";
			developmentRegion = en;
			hasScannedForEncodings = 0;
			knownRegions = (
				en,
				Base,
			);
			mainGroup = B6A1BFC92795A364007650F7;
			productRefGroup = B6A1BFD32795A364007650F7 /* Products */;
			projectDirPath = "";
			projectRoot = "";
			targets = (
				B6A1BFD12795A364007650F7 /* EmojiArt_Ver4 */,
			);
		};
/* End PBXProject section */

/* Begin PBXResourcesBuildPhase section */
		B6A1BFD02795A364007650F7 /* Resources */ = {
			isa = PBXResourcesBuildPhase;
			buildActionMask = 2147483647;
			files = (
				B6A1BFDD2795A365007650F7 /* Preview Assets.xcassets in Resources */,
				B6A1BFDA2795A365007650F7 /* Assets.xcassets in Resources */,
			);
			runOnlyForDeploymentPostprocessing = 0;
		};
/* End PBXResourcesBuildPhase section */

/* Begin PBXSourcesBuildPhase section */
		B6A1BFCE2795A364007650F7 /* Sources */ = {
			isa = PBXSourcesBuildPhase;
			buildActionMask = 2147483647;
			files = (
				B6A1BFEA2795A3BB007650F7 /* PaletteEditor.swift in Sources */,
				B6A1BFE42795A3AB007650F7 /* UtilityExtensions.swift in Sources */,
				B6A1BFF12795A3ED007650F7 /* EmojiArtDocumentView.swift in Sources */,
				B6A1BFD62795A364007650F7 /* EmojiArt_Ver4App.swift in Sources */,
				B6A1BFE92795A3BB007650F7 /* UtilityViews.swift in Sources */,
				B6A1BFEB2795A3BB007650F7 /* EmojiArtModel.Background.swift in Sources */,
				B6A1BFF42795A403007650F7 /* EmojiArtModel.swift in Sources */,
				B6A1BFEC2795A3BB007650F7 /* PaletteManager.swift in Sources */,
				B6A1BFF62795A41C007650F7 /* EmojiArtDocument.swift in Sources */,
				B6A1BFF02795A3ED007650F7 /* PaletteStore.swift in Sources */,
				B6A1BFF22795A3ED007650F7 /* PaletteChooser.swift in Sources */,
			);
			runOnlyForDeploymentPostprocessing = 0;
		};
/* End PBXSourcesBuildPhase section */

/* Begin XCBuildConfiguration section */
		B6A1BFDE2795A365007650F7 /* Debug */ = {
			isa = XCBuildConfiguration;
			buildSettings = {
				ALWAYS_SEARCH_USER_PATHS = NO;
				CLANG_ANALYZER_NONNULL = YES;
				CLANG_ANALYZER_NUMBER_OBJECT_CONVERSION = YES_AGGRESSIVE;
				CLANG_CXX_LANGUAGE_STANDARD = "gnu++17";
				CLANG_CXX_LIBRARY = "libc++";
				CLANG_ENABLE_MODULES = YES;
				CLANG_ENABLE_OBJC_ARC = YES;
				CLANG_ENABLE_OBJC_WEAK = YES;
				CLANG_WARN_BLOCK_CAPTURE_AUTORELEASING = YES;
				CLANG_WARN_BOOL_CONVERSION = YES;
				CLANG_WARN_COMMA = YES;
				CLANG_WARN_CONSTANT_CONVERSION = YES;
				CLANG_WARN_DEPRECATED_OBJC_IMPLEMENTATIONS = YES;
				CLANG_WARN_DIRECT_OBJC_ISA_USAGE = YES_ERROR;
				CLANG_WARN_DOCUMENTATION_COMMENTS = YES;
				CLANG_WARN_EMPTY_BODY = YES;
				CLANG_WARN_ENUM_CONVERSION = YES;
				CLANG_WARN_INFINITE_RECURSION = YES;
				CLANG_WARN_INT_CONVERSION = YES;
				CLANG_WARN_NON_LITERAL_NULL_CONVERSION = YES;
				CLANG_WARN_OBJC_IMPLICIT_RETAIN_SELF = YES;
				CLANG_WARN_OBJC_LITERAL_CONVERSION = YES;
				CLANG_WARN_OBJC_ROOT_CLASS = YES_ERROR;
				CLANG_WARN_QUOTED_INCLUDE_IN_FRAMEWORK_HEADER = YES;
				CLANG_WARN_RANGE_LOOP_ANALYSIS = YES;
				CLANG_WARN_STRICT_PROTOTYPES = YES;
				CLANG_WARN_SUSPICIOUS_MOVE = YES;
				CLANG_WARN_UNGUARDED_AVAILABILITY = YES_AGGRESSIVE;
				CLANG_WARN_UNREACHABLE_CODE = YES;
				CLANG_WARN__DUPLICATE_METHOD_MATCH = YES;
				COPY_PHASE_STRIP = NO;
				DEBUG_INFORMATION_FORMAT = dwarf;
				ENABLE_STRICT_OBJC_MSGSEND = YES;
				ENABLE_TESTABILITY = YES;
				GCC_C_LANGUAGE_STANDARD = gnu11;
				GCC_DYNAMIC_NO_PIC = NO;
				GCC_NO_COMMON_BLOCKS = YES;
				GCC_OPTIMIZATION_LEVEL = 0;
				GCC_PREPROCESSOR_DEFINITIONS = (
					"DEBUG=1",
					"$(inherited)",
				);
				GCC_WARN_64_TO_32_BIT_CONVERSION = YES;
				GCC_WARN_ABOUT_RETURN_TYPE = YES_ERROR;
				GCC_WARN_UNDECLARED_SELECTOR = YES;
				GCC_WARN_UNINITIALIZED_AUTOS = YES_AGGRESSIVE;
				GCC_WARN_UNUSED_FUNCTION = YES;
				GCC_WARN_UNUSED_VARIABLE = YES;
				IPHONEOS_DEPLOYMENT_TARGET = 15.2;
				MTL_ENABLE_DEBUG_INFO = INCLUDE_SOURCE;
				MTL_FAST_MATH = YES;
				ONLY_ACTIVE_ARCH = YES;
				SDKROOT = iphoneos;
				SWIFT_ACTIVE_COMPILATION_CONDITIONS = DEBUG;
				SWIFT_OPTIMIZATION_LEVEL = "-Onone";
			};
			name = Debug;
		};
		B6A1BFDF2795A365007650F7 /* Release */ = {
			isa = XCBuildConfiguration;
			buildSettings = {
				ALWAYS_SEARCH_USER_PATHS = NO;
				CLANG_ANALYZER_NONNULL = YES;
				CLANG_ANALYZER_NUMBER_OBJECT_CONVERSION = YES_AGGRESSIVE;
				CLANG_CXX_LANGUAGE_STANDARD = "gnu++17";
				CLANG_CXX_LIBRARY = "libc++";
				CLANG_ENABLE_MODULES = YES;
				CLANG_ENABLE_OBJC_ARC = YES;
				CLANG_ENABLE_OBJC_WEAK = YES;
				CLANG_WARN_BLOCK_CAPTURE_AUTORELEASING = YES;
				CLANG_WARN_BOOL_CONVERSION = YES;
				CLANG_WARN_COMMA = YES;
				CLANG_WARN_CONSTANT_CONVERSION = YES;
				CLANG_WARN_DEPRECATED_OBJC_IMPLEMENTATIONS = YES;
				CLANG_WARN_DIRECT_OBJC_ISA_USAGE = YES_ERROR;
				CLANG_WARN_DOCUMENTATION_COMMENTS = YES;
				CLANG_WARN_EMPTY_BODY = YES;
				CLANG_WARN_ENUM_CONVERSION = YES;
				CLANG_WARN_INFINITE_RECURSION = YES;
				CLANG_WARN_INT_CONVERSION = YES;
				CLANG_WARN_NON_LITERAL_NULL_CONVERSION = YES;
				CLANG_WARN_OBJC_IMPLICIT_RETAIN_SELF = YES;
				CLANG_WARN_OBJC_LITERAL_CONVERSION = YES;
				CLANG_WARN_OBJC_ROOT_CLASS = YES_ERROR;
				CLANG_WARN_QUOTED_INCLUDE_IN_FRAMEWORK_HEADER = YES;
				CLANG_WARN_RANGE_LOOP_ANALYSIS = YES;
				CLANG_WARN_STRICT_PROTOTYPES = YES;
				CLANG_WARN_SUSPICIOUS_MOVE = YES;
				CLANG_WARN_UNGUARDED_AVAILABILITY = YES_AGGRESSIVE;
				CLANG_WARN_UNREACHABLE_CODE = YES;
				CLANG_WARN__DUPLICATE_METHOD_MATCH = YES;
				COPY_PHASE_STRIP = NO;
				DEBUG_INFORMATION_FORMAT = "dwarf-with-dsym";
				ENABLE_NS_ASSERTIONS = NO;
				ENABLE_STRICT_OBJC_MSGSEND = YES;
				GCC_C_LANGUAGE_STANDARD = gnu11;
				GCC_NO_COMMON_BLOCKS = YES;
				GCC_WARN_64_TO_32_BIT_CONVERSION = YES;
				GCC_WARN_ABOUT_RETURN_TYPE = YES_ERROR;
				GCC_WARN_UNDECLARED_SELECTOR = YES;
				GCC_WARN_UNINITIALIZED_AUTOS = YES_AGGRESSIVE;
				GCC_WARN_UNUSED_FUNCTION = YES;
				GCC_WARN_UNUSED_VARIABLE = YES;
				IPHONEOS_DEPLOYMENT_TARGET = 15.2;
				MTL_ENABLE_DEBUG_INFO = NO;
				MTL_FAST_MATH = YES;
				SDKROOT = iphoneos;
				SWIFT_COMPILATION_MODE = wholemodule;
				SWIFT_OPTIMIZATION_LEVEL = "-O";
				VALIDATE_PRODUCT = YES;
			};
			name = Release;
		};
		B6A1BFE12795A365007650F7 /* Debug */ = {
			isa = XCBuildConfiguration;
			buildSettings = {
				ASSETCATALOG_COMPILER_APPICON_NAME = AppIcon;
				ASSETCATALOG_COMPILER_GLOBAL_ACCENT_COLOR_NAME = AccentColor;
				CODE_SIGN_STYLE = Automatic;
				CURRENT_PROJECT_VERSION = 1;
				DEVELOPMENT_ASSET_PATHS = "\"EmojiArt_Ver4/Preview Content\"";
				DEVELOPMENT_TEAM = L25PRW3XCF;
				ENABLE_PREVIEWS = YES;
				GENERATE_INFOPLIST_FILE = YES;
				INFOPLIST_KEY_UIApplicationSceneManifest_Generation = YES;
				INFOPLIST_KEY_UIApplicationSupportsIndirectInputEvents = YES;
				INFOPLIST_KEY_UILaunchScreen_Generation = YES;
				INFOPLIST_KEY_UISupportedInterfaceOrientations_iPad = "UIInterfaceOrientationPortrait UIInterfaceOrientationPortraitUpsideDown UIInterfaceOrientationLandscapeLeft UIInterfaceOrientationLandscapeRight";
				INFOPLIST_KEY_UISupportedInterfaceOrientations_iPhone = "UIInterfaceOrientationPortrait UIInterfaceOrientationLandscapeLeft UIInterfaceOrientationLandscapeRight";
				LD_RUNPATH_SEARCH_PATHS = (
					"$(inherited)",
					"@executable_path/Frameworks",
				);
				MARKETING_VERSION = 1.0;
				PRODUCT_BUNDLE_IDENTIFIER = "com.kwsong0113.EmojiArt-Ver4";
				PRODUCT_NAME = "$(TARGET_NAME)";
				SWIFT_EMIT_LOC_STRINGS = YES;
				SWIFT_VERSION = 5.0;
				TARGETED_DEVICE_FAMILY = "1,2";
			};
			name = Debug;
		};
		B6A1BFE22795A365007650F7 /* Release */ = {
			isa = XCBuildConfiguration;
			buildSettings = {
				ASSETCATALOG_COMPILER_APPICON_NAME = AppIcon;
				ASSETCATALOG_COMPILER_GLOBAL_ACCENT_COLOR_NAME = AccentColor;
				CODE_SIGN_STYLE = Automatic;
				CURRENT_PROJECT_VERSION = 1;
				DEVELOPMENT_ASSET_PATHS = "\"EmojiArt_Ver4/Preview Content\"";
				DEVELOPMENT_TEAM = L25PRW3XCF;
				ENABLE_PREVIEWS = YES;
				GENERATE_INFOPLIST_FILE = YES;
				INFOPLIST_KEY_UIApplicationSceneManifest_Generation = YES;
				INFOPLIST_KEY_UIApplicationSupportsIndirectInputEvents = YES;
				INFOPLIST_KEY_UILaunchScreen_Generation = YES;
				INFOPLIST_KEY_UISupportedInterfaceOrientations_iPad = "UIInterfaceOrientationPortrait UIInterfaceOrientationPortraitUpsideDown UIInterfaceOrientationLandscapeLeft UIInterfaceOrientationLandscapeRight";
				INFOPLIST_KEY_UISupportedInterfaceOrientations_iPhone = "UIInterfaceOrientationPortrait UIInterfaceOrientationLandscapeLeft UIInterfaceOrientationLandscapeRight";
				LD_RUNPATH_SEARCH_PATHS = (
					"$(inherited)",
					"@executable_path/Frameworks",
				);
				MARKETING_VERSION = 1.0;
				PRODUCT_BUNDLE_IDENTIFIER = "com.kwsong0113.EmojiArt-Ver4";
				PRODUCT_NAME = "$(TARGET_NAME)";
				SWIFT_EMIT_LOC_STRINGS = YES;
				SWIFT_VERSION = 5.0;
				TARGETED_DEVICE_FAMILY = "1,2";
			};
			name = Release;
		};
/* End XCBuildConfiguration section */

/* Begin XCConfigurationList section */
		B6A1BFCD2795A364007650F7 /* Build configuration list for PBXProject "EmojiArt_Ver4" */ = {
			isa = XCConfigurationList;
			buildConfigurations = (
				B6A1BFDE2795A365007650F7 /* Debug */,
				B6A1BFDF2795A365007650F7 /* Release */,
			);
			defaultConfigurationIsVisible = 0;
			defaultConfigurationName = Release;
		};
		B6A1BFE02795A365007650F7 /* Build configuration list for PBXNativeTarget "EmojiArt_Ver4" */ = {
			isa = XCConfigurationList;
			buildConfigurations = (
				B6A1BFE12795A365007650F7 /* Debug */,
				B6A1BFE22795A365007650F7 /* Release */,
			);
			defaultConfigurationIsVisible = 0;
			defaultConfigurationName = Release;
		};
/* End XCConfigurationList section */
	};
	rootObject = B6A1BFCA2795A364007650F7 /* Project object */;
}
